
Microsoft Visual Studio Solution File, Format Version 12.00
# Visual Studio Version 16
VisualStudioVersion = 16.0.31424.327
MinimumVisualStudioVersion = 10.0.40219.1
Project("{FAE04EC0-301F-11D3-BF4B-00C04F79EFBC}") = "WhatInSql", "WhatInSql\WhatInSql.csproj", "{EBC3EC89-A371-49E0-9FBB-5EBEE1CBE476}"
EndProject
Global
	GlobalSection(SolutionConfigurationPlatforms) = preSolution
		Debug|Any CPU = Debug|Any CPU
		Release|Any CPU = Release|Any CPU
	EndGlobalSection
	GlobalSection(ProjectConfigurationPlatforms) = postSolution
		{EBC3EC89-A371-49E0-9FBB-5EBEE1CBE476}.Debug|Any CPU.ActiveCfg = Debug|Any CPU
		{EBC3EC89-A371-49E0-9FBB-5EBEE1CBE476}.Debug|Any CPU.Build.0 = Debug|Any CPU
		{EBC3EC89-A371-49E0-9FBB-5EBEE1CBE476}.Release|Any CPU.ActiveCfg = Release|Any CPU
		{EBC3EC89-A371-49E0-9FBB-5EBEE1CBE476}.Release|Any CPU.Build.0 = Release|Any CPU
	EndGlobalSection
	GlobalSection(SolutionProperties) = preSolution
		HideSolutionNode = FALSE
	EndGlobalSection
	GlobalSection(ExtensibilityGlobals) = postSolution
		SolutionGuid = {59B428BF-72C3-47A0-9ABB-F531DAEC3DD2}
	EndGlobalSection
EndGlobal
